{
  "name": "compat-runner-rspack",
  "version": "0.0.0",
  "lockfileVersion": 3,
  "requires": true,
  "packages": {
    "": {
      "name": "compat-runner-rspack",
      "version": "0.0.0",
      "devDependencies": {
        "@rspack/core": "^1.1.0",
        "memfs": "^4.14.0"
      }
    },
    "node_modules/@jsonjoy.com/base64": {
      "version": "1.1.2",
      "resolved": "https://registry.npmjs.org/@jsonjoy.com/base64/-/base64-1.1.2.tgz",
      "integrity": "sha512-q6XAnWQDIMA3+FTiOYajoYqySkO+JSat0ytXGSuRdq9uXE7o92gzuQwQM14xaCRlBLGq3v5miDGC4vkVTn54xA==",
      "dev": true,
      "license": "Apache-2.0",
      "engines": {
        "node": ">=10.0"
      },
      "funding": {
        "type": "github",
        "url": "https://github.com/sponsors/streamich"
      },
      "peerDependencies": {
        "tslib": "2"
      }
    },
    "node_modules/@jsonjoy.com/json-pack": {
      "version": "1.1.0",
      "resolved": "https://registry.npmjs.org/@jsonjoy.com/json-pack/-/json-pack-1.1.0.tgz",
      "integrity": "sha512-zlQONA+msXPPwHWZMKFVS78ewFczIll5lXiVPwFPCZUsrOKdxc2AvxU1HoNBmMRhqDZUR9HkC3UOm+6pME6Xsg==",
      "dev": true,
      "license": "Apache-2.0",
      "dependencies": {
        "@jsonjoy.com/base64": "^1.1.1",
        "@jsonjoy.com/util": "^1.1.2",
        "hyperdyperid": "^1.2.0",
        "thingies": "^1.20.0"
      },
      "engines": {
        "node": ">=10.0"
      },
      "funding": {
        "type": "github",
        "url": "https://github.com/sponsors/streamich"
      },
      "peerDependencies": {
        "tslib": "2"
      }
    },
    "node_modules/@jsonjoy.com/util": {
      "version": "1.5.0",
      "resolved": "https://registry.npmjs.org/@jsonjoy.com/util/-/util-1.5.0.tgz",
      "integrity": "sha512-ojoNsrIuPI9g6o8UxhraZQSyF2ByJanAY4cTFbc8Mf2AXEF4aQRGY1dJxyJpuyav8r9FGflEt/Ff3u5Nt6YMPA==",
      "dev": true,
      "license": "Apache-2.0",
      "engines": {
        "node": ">=10.0"
      },
      "funding": {
        "type": "github",
        "url": "https://github.com/sponsors/streamich"
      },
      "peerDependencies": {
        "tslib": "2"
      }
    },
    "node_modules/@module-federation/runtime": {
      "version": "0.5.1",
      "resolved": "https://registry.npmjs.org/@module-federation/runtime/-/runtime-0.5.1.tgz",
      "integrity": "sha512-xgiMUWwGLWDrvZc9JibuEbXIbhXg6z2oUkemogSvQ4LKvrl/n0kbqP1Blk669mXzyWbqtSp6PpvNdwaE1aN5xQ==",
      "dev": true,
      "license": "MIT",
      "dependencies": {
        "@module-federation/sdk": "0.5.1"
      }
    },
    "node_modules/@module-federation/runtime-tools": {
      "version": "0.5.1",
      "resolved": "https://registry.npmjs.org/@module-federation/runtime-tools/-/runtime-tools-0.5.1.tgz",
      "integrity": "sha512-nfBedkoZ3/SWyO0hnmaxuz0R0iGPSikHZOAZ0N/dVSQaIzlffUo35B5nlC2wgWIc0JdMZfkwkjZRrnuuDIJbzg==",
      "dev": true,
      "license": "MIT",
      "dependencies": {
        "@module-federation/runtime": "0.5.1",
        "@module-federation/webpack-bundler-runtime": "0.5.1"
      }
    },
    "node_modules/@module-federation/sdk": {
      "version": "0.5.1",
      "resolved": "https://registry.npmjs.org/@module-federation/sdk/-/sdk-0.5.1.tgz",
      "integrity": "sha512-exvchtjNURJJkpqjQ3/opdbfeT2wPKvrbnGnyRkrwW5o3FH1LaST1tkiNviT6OXTexGaVc2DahbdniQHVtQ7pA==",
      "dev": true,
      "license": "MIT"
    },
    "node_modules/@module-federation/webpack-bundler-runtime": {
      "version": "0.5.1",
      "resolved": "https://registry.npmjs.org/@module-federation/webpack-bundler-runtime/-/webpack-bundler-runtime-0.5.1.tgz",
      "integrity": "sha512-mMhRFH0k2VjwHt3Jol9JkUsmI/4XlrAoBG3E0o7HoyoPYv1UFOWyqAflfANcUPgbYpvqmyLzDcO+3IT36LXnrA==",
      "dev": true,
      "license": "MIT",
      "dependencies": {
        "@module-federation/runtime": "0.5.1",
        "@module-federation/sdk": "0.5.1"
      }
    },
    "node_modules/@rspack/binding": {
      "version": "1.1.0",
      "resolved": "https://registry.npmjs.org/@rspack/binding/-/binding-1.1.0.tgz",
      "integrity": "sha512-zLduWacrw/bBYiFvhjN70f+AJxXnTzevywXp54vso8d0Nz7z4KIycdz/Ua5AGRUkG2ZuQw6waypN5pXf48EBcA==",
      "dev": true,
      "license": "MIT",
      "optionalDependencies": {
        "@rspack/binding-darwin-arm64": "1.1.0",
        "@rspack/binding-darwin-x64": "1.1.0",
        "@rspack/binding-linux-arm64-gnu": "1.1.0",
        "@rspack/binding-linux-arm64-musl": "1.1.0",
        "@rspack/binding-linux-x64-gnu": "1.1.0",
        "@rspack/binding-linux-x64-musl": "1.1.0",
        "@rspack/binding-win32-arm64-msvc": "1.1.0",
        "@rspack/binding-win32-ia32-msvc": "1.1.0",
        "@rspack/binding-win32-x64-msvc": "1.1.0"
      }
    },
    "node_modules/@rspack/binding-darwin-arm64": {
      "version": "1.1.0",
      "resolved": "https://registry.npmjs.org/@rspack/binding-darwin-arm64/-/binding-darwin-arm64-1.1.0.tgz",
      "integrity": "sha512-02YmzmtKMNHCSMzVT5sgbJuPDn+HunkrtWq0D95Fh9sGKYap9cs0JOpzTfyAL3KXJ9JzVfOAZA3VgVQOBaQNWQ==",
      "cpu": [
        "arm64"
      ],
      "dev": true,
      "license": "MIT",
      "optional": true,
      "os": [
        "darwin"
      ]
    },
    "node_modules/@rspack/binding-darwin-x64": {
      "version": "1.1.0",
      "resolved": "https://registry.npmjs.org/@rspack/binding-darwin-x64/-/binding-darwin-x64-1.1.0.tgz",
      "integrity": "sha512-HtBh8p6hml7BWNtZaqWFtGbOFP/tvFDn1uPWmA3R32WTILUXNRWXIsLDY95U3Z2U1Gt3SL58SOpJjXlFIb6wZg==",
      "cpu": [
        "x64"
      ],
      "dev": true,
      "license": "MIT",
      "optional": true,
      "os": [
        "darwin"
      ]
    },
    "node_modules/@rspack/binding-linux-arm64-gnu": {
      "version": "1.1.0",
      "resolved": "https://registry.npmjs.org/@rspack/binding-linux-arm64-gnu/-/binding-linux-arm64-gnu-1.1.0.tgz",
      "integrity": "sha512-Q/i50Pieii3akdv5Q6my6QelV5Dpc8O/Ir4udpjYl0pbSdKamdI8M85fxrMxGAGcoNSD+X52fDvxJujXWMcP0w==",
      "cpu": [
        "arm64"
      ],
      "dev": true,
      "license": "MIT",
      "optional": true,
      "os": [
        "linux"
      ]
    },
    "node_modules/@rspack/binding-linux-arm64-musl": {
      "version": "1.1.0",
      "resolved": "https://registry.npmjs.org/@rspack/binding-linux-arm64-musl/-/binding-linux-arm64-musl-1.1.0.tgz",
      "integrity": "sha512-H7Eu3xC7LWPpxrI47n8X361eEGGpQOjZIWTz8tLdn4oNS2D9kqsBYES7LsuuLTTH4ueHTDuEtDdfZpBsE+qesw==",
      "cpu": [
        "arm64"
      ],
      "dev": true,
      "license": "MIT",
      "optional": true,
      "os": [
        "linux"
      ]
    },
    "node_modules/@rspack/binding-linux-x64-gnu": {
      "version": "1.1.0",
      "resolved": "https://registry.npmjs.org/@rspack/binding-linux-x64-gnu/-/binding-linux-x64-gnu-1.1.0.tgz",
      "integrity": "sha512-dIZSutPo2z/OaO2f6SVlcYA6lGBH+4TrRtWmMyPshpTNPrkCGGfDhC43fZ4jCiUj2PO/Hcn8jyKhci4leBsVBA==",
      "cpu": [
        "x64"
      ],
      "dev": true,
      "license": "MIT",
      "optional": true,
      "os": [
        "linux"
      ]
    },
    "node_modules/@rspack/binding-linux-x64-musl": {
      "version": "1.1.0",
      "resolved": "https://registry.npmjs.org/@rspack/binding-linux-x64-musl/-/binding-linux-x64-musl-1.1.0.tgz",
      "integrity": "sha512-f6L2JWgbG9PKWnVw2YNZdntjzia1V2w2Xq458HkCQUDwhnEipWXaZ2zhfD9jcb4UYoMP8/2uD3B96sSFFNTdrQ==",
      "cpu": [
        "x64"
      ],
      "dev": true,
      "license": "MIT",
      "optional": true,
      "os": [
        "linux"
      ]
    },
    "node_modules/@rspack/binding-win32-arm64-msvc": {
      "version": "1.1.0",
      "resolved": "https://registry.npmjs.org/@rspack/binding-win32-arm64-msvc/-/binding-win32-arm64-msvc-1.1.0.tgz",
      "integrity": "sha512-opo6XR4iXh/QkHiauVQBlU2xR2JyjDmSwgkION27oszu81nr+IajTSXQX96x5I6Bq48GQLU4rItHse/doctQDA==",
      "cpu": [
        "arm64"
      ],
      "dev": true,
      "license": "MIT",
      "optional": true,
      "os": [
        "win32"
      ]
    },
    "node_modules/@rspack/binding-win32-ia32-msvc": {
      "version": "1.1.0",
      "resolved": "https://registry.npmjs.org/@rspack/binding-win32-ia32-msvc/-/binding-win32-ia32-msvc-1.1.0.tgz",
      "integrity": "sha512-FBcG+OPJokSE3nPi1+ZamLK2V4IWdNC+GMr0z7LUrBiKc5lO70y5VkldfyPV1Z+doSuroVINlhK+lRHdQgGwYg==",
      "cpu": [
        "ia32"
      ],
      "dev": true,
      "license": "MIT",
      "optional": true,
      "os": [
        "win32"
      ]
    },
    "node_modules/@rspack/binding-win32-x64-msvc": {
      "version": "1.1.0",
      "resolved": "https://registry.npmjs.org/@rspack/binding-win32-x64-msvc/-/binding-win32-x64-msvc-1.1.0.tgz",
      "integrity": "sha512-H/6Glp1nZvxWAD5+2hRrp1kBs9f+pLb/un2TdFSUNd2tyXq5GyHCe70+N9psbe/jjGxD8e1vPNQtN/VvkuR0Zg==",
      "cpu": [
        "x64"
      ],
      "dev": true,
      "license": "MIT",
      "optional": true,
      "os": [
        "win32"
      ]
    },
    "node_modules/@rspack/core": {
      "version": "1.1.0",
      "resolved": "https://registry.npmjs.org/@rspack/core/-/core-1.1.0.tgz",
      "integrity": "sha512-+IYWSe9D3wB97VVBfaojuWLv3wGIBe9pfJkxNObkorN60Nj3UHYzBLuACrHn4hW2mZjAWrv06ReHXJUEGzQqaQ==",
      "dev": true,
      "license": "MIT",
      "dependencies": {
        "@module-federation/runtime-tools": "0.5.1",
        "@rspack/binding": "1.1.0",
        "@rspack/lite-tapable": "1.0.1",
        "caniuse-lite": "^1.0.30001616"
      },
      "engines": {
        "node": ">=16.0.0"
      },
      "peerDependencies": {
        "@swc/helpers": ">=0.5.1"
      },
      "peerDependenciesMeta": {
        "@swc/helpers": {
          "optional": true
        }
      }
    },
    "node_modules/@rspack/lite-tapable": {
      "version": "1.0.1",
      "resolved": "https://registry.npmjs.org/@rspack/lite-tapable/-/lite-tapable-1.0.1.tgz",
      "integrity": "sha512-VynGOEsVw2s8TAlLf/uESfrgfrq2+rcXB1muPJYBWbsm1Oa6r5qVQhjA5ggM6z/coYPrsVMgovl3Ff7Q7OCp1w==",
      "dev": true,
      "license": "MIT",
      "engines": {
        "node": ">=16.0.0"
      }
    },
    "node_modules/caniuse-lite": {
      "version": "1.0.30001679",
      "resolved": "https://registry.npmjs.org/caniuse-lite/-/caniuse-lite-1.0.30001679.tgz",
      "integrity": "sha512-j2YqID/YwpLnKzCmBOS4tlZdWprXm3ZmQLBH9ZBXFOhoxLA46fwyBvx6toCBWBmnuwUY/qB3kEU6gFx8qgCroA==",
      "dev": true,
      "funding": [
        {
          "type": "opencollective",
          "url": "https://opencollective.com/browserslist"
        },
        {
          "type": "tidelift",
          "url": "https://tidelift.com/funding/github/npm/caniuse-lite"
        },
        {
          "type": "github",
          "url": "https://github.com/sponsors/ai"
        }
      ],
      "license": "CC-BY-4.0"
    },
    "node_modules/hyperdyperid": {
      "version": "1.2.0",
      "resolved": "https://registry.npmjs.org/hyperdyperid/-/hyperdyperid-1.2.0.tgz",
      "integrity": "sha512-Y93lCzHYgGWdrJ66yIktxiaGULYc6oGiABxhcO5AufBeOyoIdZF7bIfLaOrbM0iGIOXQQgxxRrFEnb+Y6w1n4A==",
      "dev": true,
      "license": "MIT",
      "engines": {
        "node": ">=10.18"
      }
    },
    "node_modules/memfs": {
      "version": "4.14.0",
      "resolved": "https://registry.npmjs.org/memfs/-/memfs-4.14.0.tgz",
      "integrity": "sha512-JUeY0F/fQZgIod31Ja1eJgiSxLn7BfQlCnqhwXFBzFHEw63OdLK7VJUJ7bnzNsWgCyoUP5tEp1VRY8rDaYzqOA==",
      "dev": true,
      "license": "Apache-2.0",
      "dependencies": {
        "@jsonjoy.com/json-pack": "^1.0.3",
        "@jsonjoy.com/util": "^1.3.0",
        "tree-dump": "^1.0.1",
        "tslib": "^2.0.0"
      },
      "engines": {
        "node": ">= 4.0.0"
      },
      "funding": {
        "type": "github",
        "url": "https://github.com/sponsors/streamich"
      }
    },
    "node_modules/thingies": {
      "version": "1.21.0",
      "resolved": "https://registry.npmjs.org/thingies/-/thingies-1.21.0.tgz",
      "integrity": "sha512-hsqsJsFMsV+aD4s3CWKk85ep/3I9XzYV/IXaSouJMYIoDlgyi11cBhsqYe9/geRfB0YIikBQg6raRaM+nIMP9g==",
      "dev": true,
      "license": "Unlicense",
      "engines": {
        "node": ">=10.18"
      },
      "peerDependencies": {
        "tslib": "^2"
      }
    },
    "node_modules/tree-dump": {
      "version": "1.0.2",
      "resolved": "https://registry.npmjs.org/tree-dump/-/tree-dump-1.0.2.tgz",
      "integrity": "sha512-dpev9ABuLWdEubk+cIaI9cHwRNNDjkBBLXTwI4UCUFdQ5xXKqNXoK4FEciw/vxf+NQ7Cb7sGUyeUtORvHIdRXQ==",
      "dev": true,
      "license": "Apache-2.0",
      "engines": {
        "node": ">=10.0"
      },
      "funding": {
        "type": "github",
        "url": "https://github.com/sponsors/streamich"
      },
      "peerDependencies": {
        "tslib": "2"
      }
    },
    "node_modules/tslib": {
      "version": "2.8.1",
      "resolved": "https://registry.npmjs.org/tslib/-/tslib-2.8.1.tgz",
      "integrity": "sha512-oJFu94HQb+KVduSUQL7wnpmqnfmLsOA/nAh6b6EH0wCEoK0/mPeXU6c3wKDV83MkOuHPRHtSXKKU99IBazS/2w==",
      "dev": true,
      "license": "0BSD"
    }
  }
}
